
Microsoft Visual Studio Solution File, Format Version 12.00
# Visual Studio Version 17
VisualStudioVersion = 17.6.33723.286
MinimumVisualStudioVersion = 10.0.40219.1
Project("{2150E333-8FDC-42A3-9474-1A3956D46DE8}") = "src", "src", "{C8A0BE7E-BA8A-4391-A16E-781174390A76}"
EndProject
Project("{2150E333-8FDC-42A3-9474-1A3956D46DE8}") = "test", "test", "{40F8AFC0-6611-470C-9768-952533804502}"
EndProject
Project("{2150E333-8FDC-42A3-9474-1A3956D46DE8}") = "Api", "Api", "{F3A46610-4A20-4B4E-87A6-D0D8D291C0D6}"
EndProject
Project("{2150E333-8FDC-42A3-9474-1A3956D46DE8}") = "Core", "Core", "{3F801F51-C05F-4A1E-A702-1CF6887A9EA9}"
EndProject
Project("{2150E333-8FDC-42A3-9474-1A3956D46DE8}") = "Infrastructure", "Infrastructure", "{982D0F3B-59C6-496D-A058-E3EF0BC9FAEF}"
EndProject
Project("{2150E333-8FDC-42A3-9474-1A3956D46DE8}") = "Ui", "Ui", "{6101A43F-F122-473C-99B1-4736E632D7D4}"
EndProject
Project("{9A19103F-16F7-4668-BE54-9A1E7A4F7556}") = "Todo.Domain", "Todo.Domain\Todo.Domain.csproj", "{07746797-B37A-4CE4-B944-8415AD1F1C81}"
EndProject
Project("{9A19103F-16F7-4668-BE54-9A1E7A4F7556}") = "Todo.Api", "Todo.Api\Todo.Api.csproj", "{9EBBBC55-63FB-4393-8C74-017DE8EA3087}"
EndProject
Project("{9A19103F-16F7-4668-BE54-9A1E7A4F7556}") = "Todo.Persistence", "Todo.Persistence\Todo.Persistence.csproj", "{1EB31691-472D-41DD-8178-5028A503064D}"
EndProject
Project("{9A19103F-16F7-4668-BE54-9A1E7A4F7556}") = "Todo.Application", "Todo.Application\Todo.Application.csproj", "{010128DB-49A6-4EC3-A2E2-8606D0FB61EA}"
EndProject
Project("{FAE04EC0-301F-11D3-BF4B-00C04F79EFBC}") = "Todo.Application.UnitTests", "Todo.Application.UnitTests\Todo.Application.UnitTests.csproj", "{94599B8D-B3F3-42DA-AABA-50DC383D231B}"
EndProject
Global
	GlobalSection(SolutionConfigurationPlatforms) = preSolution
		Debug|Any CPU = Debug|Any CPU
		Release|Any CPU = Release|Any CPU
	EndGlobalSection
	GlobalSection(ProjectConfigurationPlatforms) = postSolution
		{07746797-B37A-4CE4-B944-8415AD1F1C81}.Debug|Any CPU.ActiveCfg = Debug|Any CPU
		{07746797-B37A-4CE4-B944-8415AD1F1C81}.Debug|Any CPU.Build.0 = Debug|Any CPU
		{07746797-B37A-4CE4-B944-8415AD1F1C81}.Release|Any CPU.ActiveCfg = Release|Any CPU
		{07746797-B37A-4CE4-B944-8415AD1F1C81}.Release|Any CPU.Build.0 = Release|Any CPU
		{9EBBBC55-63FB-4393-8C74-017DE8EA3087}.Debug|Any CPU.ActiveCfg = Debug|Any CPU
		{9EBBBC55-63FB-4393-8C74-017DE8EA3087}.Debug|Any CPU.Build.0 = Debug|Any CPU
		{9EBBBC55-63FB-4393-8C74-017DE8EA3087}.Release|Any CPU.ActiveCfg = Release|Any CPU
		{9EBBBC55-63FB-4393-8C74-017DE8EA3087}.Release|Any CPU.Build.0 = Release|Any CPU
		{1EB31691-472D-41DD-8178-5028A503064D}.Debug|Any CPU.ActiveCfg = Debug|Any CPU
		{1EB31691-472D-41DD-8178-5028A503064D}.Debug|Any CPU.Build.0 = Debug|Any CPU
		{1EB31691-472D-41DD-8178-5028A503064D}.Release|Any CPU.ActiveCfg = Release|Any CPU
		{1EB31691-472D-41DD-8178-5028A503064D}.Release|Any CPU.Build.0 = Release|Any CPU
		{010128DB-49A6-4EC3-A2E2-8606D0FB61EA}.Debug|Any CPU.ActiveCfg = Debug|Any CPU
		{010128DB-49A6-4EC3-A2E2-8606D0FB61EA}.Debug|Any CPU.Build.0 = Debug|Any CPU
		{010128DB-49A6-4EC3-A2E2-8606D0FB61EA}.Release|Any CPU.ActiveCfg = Release|Any CPU
		{010128DB-49A6-4EC3-A2E2-8606D0FB61EA}.Release|Any CPU.Build.0 = Release|Any CPU
		{94599B8D-B3F3-42DA-AABA-50DC383D231B}.Debug|Any CPU.ActiveCfg = Debug|Any CPU
		{94599B8D-B3F3-42DA-AABA-50DC383D231B}.Debug|Any CPU.Build.0 = Debug|Any CPU
		{94599B8D-B3F3-42DA-AABA-50DC383D231B}.Release|Any CPU.ActiveCfg = Release|Any CPU
		{94599B8D-B3F3-42DA-AABA-50DC383D231B}.Release|Any CPU.Build.0 = Release|Any CPU
	EndGlobalSection
	GlobalSection(SolutionProperties) = preSolution
		HideSolutionNode = FALSE
	EndGlobalSection
	GlobalSection(NestedProjects) = preSolution
		{F3A46610-4A20-4B4E-87A6-D0D8D291C0D6} = {C8A0BE7E-BA8A-4391-A16E-781174390A76}
		{3F801F51-C05F-4A1E-A702-1CF6887A9EA9} = {C8A0BE7E-BA8A-4391-A16E-781174390A76}
		{982D0F3B-59C6-496D-A058-E3EF0BC9FAEF} = {C8A0BE7E-BA8A-4391-A16E-781174390A76}
		{6101A43F-F122-473C-99B1-4736E632D7D4} = {C8A0BE7E-BA8A-4391-A16E-781174390A76}
		{07746797-B37A-4CE4-B944-8415AD1F1C81} = {3F801F51-C05F-4A1E-A702-1CF6887A9EA9}
		{9EBBBC55-63FB-4393-8C74-017DE8EA3087} = {F3A46610-4A20-4B4E-87A6-D0D8D291C0D6}
		{1EB31691-472D-41DD-8178-5028A503064D} = {982D0F3B-59C6-496D-A058-E3EF0BC9FAEF}
		{010128DB-49A6-4EC3-A2E2-8606D0FB61EA} = {3F801F51-C05F-4A1E-A702-1CF6887A9EA9}
		{94599B8D-B3F3-42DA-AABA-50DC383D231B} = {40F8AFC0-6611-470C-9768-952533804502}
	EndGlobalSection
	GlobalSection(ExtensibilityGlobals) = postSolution
		SolutionGuid = {50326D7D-C864-4F55-BF03-029A37A5BCD0}
	EndGlobalSection
EndGlobal
